dependencies:
- name: postgresql
  repository: oci://registry-1.docker.io/bitnamicharts
  version: 18.11.5
- name: common
  repository: oci://registry-1.docker.io/bitnamicharts
  version: 2.41.0
- name: todo-operator
  repository: https://jakuboskera.github.io/charts
  version: 0.1.0
digest: sha256:472322aaca65fce68387e522d08fda1cd3289ae7f612160226ec9d9fe320243a
generated: "2026-09-20T03:36:54.960337484Z"
