dependencies:
- name: postgresql
  repository: oci://registry-1.docker.io/bitnamicharts
  version: 18.11.1
- name: common
  repository: oci://registry-1.docker.io/bitnamicharts
  version: 2.41.0
- name: todo-operator
  repository: https://jakuboskera.github.io/charts
  version: 0.1.0
digest: sha256:3400706ccebcb1ecc46bfb8f3abbcef40a0eb622ae1a493c010e0d864471bfca
generated: "2026-09-12T12:10:00.80866261Z"
