dependencies:
- name: postgresql
  repository: oci://registry-1.docker.io/bitnamicharts
  version: 18.5.24
- name: common
  repository: oci://registry-1.docker.io/bitnamicharts
  version: 2.38.0
- name: todo-operator
  repository: https://jakuboskera.github.io/charts
  version: 0.1.0
digest: sha256:5e3c931f267627be70c2521ad6547b86311219356bf720a01596130134a089bf
generated: "2026-04-19T05:59:12.680386983Z"
