dependencies:
- name: postgresql
  repository: oci://registry-1.docker.io/bitnamicharts
  version: 18.5.24
- name: common
  repository: oci://registry-1.docker.io/bitnamicharts
  version: 2.38.0
digest: sha256:f3c1458ccc71af2cd7caef005f57b38069f2c984a33769c95042df61ae5510ce
generated: "2026-04-19T05:59:03.185629883Z"
