dependencies:
- name: postgresql
  repository: https://charts.bitnami.com/bitnami
  version: 10.12.3
- name: common
  repository: https://charts.bitnami.com/bitnami
  version: 1.10.0
digest: sha256:f03ce122f82dd9e5813718fad701d7d58aeb182a0989d13e97992b2568bd19c8
generated: "2021-10-11T13:32:16.657745+02:00"
